PODS:
  - camera_avfoundation (0.0.1):
    - Flutter
  - EasyPermissionX/Base (0.0.2)
  - EasyPermissionX/Camera (0.0.2)
  - EasyPermissionX/Photo (0.0.2)
  - Flutter (1.0.0)
  - flutter_easy_permission (0.0.1):
    - EasyPermissionX/Base
    - Flutter
  - flutter_scankit (0.0.1):
    - Flutter
    - ScanKitFrameWork (~> 1.1.0.306)
  - ScanKitFrameWork (1.1.0.306)

DEPENDENCIES:
  - camera_avfoundation (from `.symlinks/plugins/camera_avfoundation/ios`)
  - EasyPermissionX/Camera
  - EasyPermissionX/Photo
  - Flutter (from `Flutter`)
  - flutter_easy_permission (from `.symlinks/plugins/flutter_easy_permission/ios`)
  - flutter_scankit (from `.symlinks/plugins/flutter_scankit/ios`)

SPEC REPOS:
  trunk:
    - EasyPermissionX
    - ScanKitFrameWork

EXTERNAL SOURCES:
  camera_avfoundation:
    :path: ".symlinks/plugins/camera_avfoundation/ios"
  Flutter:
    :path: Flutter
  flutter_easy_permission:
    :path: ".symlinks/plugins/flutter_easy_permission/ios"
  flutter_scankit:
    :path: ".symlinks/plugins/flutter_scankit/ios"

SPEC CHECKSUMS:
  camera_avfoundation: 3125e8cd1a4387f6f31c6c63abb8a55892a9eeeb
  EasyPermissionX: ff4c438f6ee80488f873b4cb921e32d982523067
  Flutter: f04841e97a9d0b0a8025694d0796dd46242b2854
  flutter_easy_permission: c67b480f134ff748c069cac2d645f873de2b7880
  flutter_scankit: 9287d79d02699b3f7975835cee2fae2517f62585
  ScanKitFrameWork: 25a6ba4adae30de08c358c27152d7a8ed4ca80ab

PODFILE CHECKSUM: 596c5e485d4ca600a992ffebca8120a4675a95cf

COCOAPODS: 1.11.3
